// !$*UTF8*$!
{
	archiveVersion = 1;
	classes = {
	};
	objectVersion = 56;
	objects = {

/* Begin PBXBuildFile section */
		F56DC9AC2877D4A100D00CB1 /* ImageWebView.swift in Sources */ = {isa = PBXBuildFile; fileRef = F56DC9AB2877D4A100D00CB1 /* ImageWebView.swift */; };
		F5970D3428752CAF003D516A /* Extension.swift in Sources */ = {isa = PBXBuildFile; fileRef = F5970D3328752CAF003D516A /* Extension.swift */; };
		F5BDD7D32874371A00EA769A /* ImageApp.swift in Sources */ = {isa = PBXBuildFile; fileRef = F5BDD7D22874371A00EA769A /* ImageApp.swift */; };
		F5BDD7D52874371A00EA769A /* ContentView.swift in Sources */ = {isa = PBXBuildFile; fileRef = F5BDD7D42874371A00EA769A /* ContentView.swift */; };
		F5BDD7D72874371A00EA769A /* Assets.xcassets in Resources */ = {isa = PBXBuildFile; fileRef = F5BDD7D62874371A00EA769A /* Assets.xcassets */; };
		F5BDD7DA2874371A00EA769A /* Preview Assets.xcassets in Resources */ = {isa = PBXBuildFile; fileRef = F5BDD7D92874371A00EA769A /* Preview Assets.xcassets */; };
		F5BDD7E42874371B00EA769A /* ImageTests.swift in Sources */ = {isa = PBXBuildFile; fileRef = F5BDD7E32874371B00EA769A /* ImageTests.swift */; };
		F5BDD7EE2874371B00EA769A /* ImageUITests.swift in Sources */ = {isa = PBXBuildFile; fileRef = F5BDD7ED2874371B00EA769A /* ImageUITests.swift */; };
		F5BDD7F02874371B00EA769A /* ImageUITestsLaunchTests.swift in Sources */ = {isa = PBXBuildFile; fileRef = F5BDD7EF2874371B00EA769A /* ImageUITestsLaunchTests.swift */; };
		F5BDD801287437C200EA769A /* ImageManager.swift in Sources */ = {isa = PBXBuildFile; fileRef = F5BDD800287437C200EA769A /* ImageManager.swift */; };
		F5BDD803287437D200EA769A /* ImageModel.swift in Sources */ = {isa = PBXBuildFile; fileRef = F5BDD802287437D200EA769A /* ImageModel.swift */; };
		F5BDD806287438D800EA769A /* SDWebImageSwiftUI in Frameworks */ = {isa = PBXBuildFile; productRef = F5BDD805287438D800EA769A /* SDWebImageSwiftUI */; };
		F5BDD80828743B4900EA769A /* DetailedImageView.swift in Sources */ = {isa = PBXBuildFile; fileRef = F5BDD80728743B4900EA769A /* DetailedImageView.swift */; };
		F5C0688E28756E7800A86648 /* WebView.swift in Sources */ = {isa = PBXBuildFile; fileRef = F5C0688D28756E7800A86648 /* WebView.swift */; };
		F5C0689028757A6D00A86648 /* ToolsSearchView.swift in Sources */ = {isa = PBXBuildFile; fileRef = F5C0688F28757A6D00A86648 /* ToolsSearchView.swift */; };
/* End PBXBuildFile section */

/* Begin PBXContainerItemProxy section */
		F5BDD7E02874371B00EA769A /* PBXContainerItemProxy */ = {
			isa = PBXContainerItemProxy;
			containerPortal = F5BDD7C72874371A00EA769A /* Project object */;
			proxyType = 1;
			remoteGlobalIDString = F5BDD7CE2874371A00EA769A;
			remoteInfo = Image;
		};
		F5BDD7EA2874371B00EA769A /* PBXContainerItemProxy */ = {
			isa = PBXContainerItemProxy;
			containerPortal = F5BDD7C72874371A00EA769A /* Project object */;
			proxyType = 1;
			remoteGlobalIDString = F5BDD7CE2874371A00EA769A;
			remoteInfo = Image;
		};
/* End PBXContainerItemProxy section */

/* Begin PBXFileReference section */
		F56DC9AB2877D4A100D00CB1 /* ImageWebView.swift */ = {isa = PBXFileReference; lastKnownFileType = sourcecode.swift; path = ImageWebView.swift; sourceTree = "<group>"; };
		F5970D3328752CAF003D516A /* Extension.swift */ = {isa = PBXFileReference; lastKnownFileType = sourcecode.swift; path = Extension.swift; sourceTree = "<group>"; };
		F5970D3528752E2A003D516A /* Info.plist */ = {isa = PBXFileReference; lastKnownFileType = text.plist; path = Info.plist; sourceTree = "<group>"; };
		F5BDD7CF2874371A00EA769A /* Image.app */ = {isa = PBXFileReference; explicitFileType = wrapper.application; includeInIndex = 0; path = Image.app; sourceTree = BUILT_PRODUCTS_DIR; };
		F5BDD7D22874371A00EA769A /* ImageApp.swift */ = {isa = PBXFileReference; lastKnownFileType = sourcecode.swift; path = ImageApp.swift; sourceTree = "<group>"; };
		F5BDD7D42874371A00EA769A /* ContentView.swift */ = {isa = PBXFileReference; lastKnownFileType = sourcecode.swift; path = ContentView.swift; sourceTree = "<group>"; };
		F5BDD7D62874371A00EA769A /* Assets.xcassets */ = {isa = PBXFileReference; lastKnownFileType = folder.assetcatalog; path = Assets.xcassets; sourceTree = "<group>"; };
		F5BDD7D92874371A00EA769A /* Preview Assets.xcassets */ = {isa = PBXFileReference; lastKnownFileType = folder.assetcatalog; path = "Preview Assets.xcassets"; sourceTree = "<group>"; };
		F5BDD7DF2874371B00EA769A /* ImageTests.xctest */ = {isa = PBXFileReference; explicitFileType = wrapper.cfbundle; includeInIndex = 0; path = ImageTests.xctest; sourceTree = BUILT_PRODUCTS_DIR; };
		F5BDD7E32874371B00EA769A /* ImageTests.swift */ = {isa = PBXFileReference; lastKnownFileType = sourcecode.swift; path = ImageTests.swift; sourceTree = "<group>"; };
		F5BDD7E92874371B00EA769A /* ImageUITests.xctest */ = {isa = PBXFileReference; explicitFileType = wrapper.cfbundle; includeInIndex = 0; path = ImageUITests.xctest; sourceTree = BUILT_PRODUCTS_DIR; };
		F5BDD7ED2874371B00EA769A /* ImageUITests.swift */ = {isa = PBXFileReference; lastKnownFileType = sourcecode.swift; path = ImageUITests.swift; sourceTree = "<group>"; };
		F5BDD7EF2874371B00EA769A /* ImageUITestsLaunchTests.swift */ = {isa = PBXFileReference; lastKnownFileType = sourcecode.swift; path = ImageUITestsLaunchTests.swift; sourceTree = "<group>"; };
		F5BDD800287437C200EA769A /* ImageManager.swift */ = {isa = PBXFileReference; lastKnownFileType = sourcecode.swift; path = ImageManager.swift; sourceTree = "<group>"; };
		F5BDD802287437D200EA769A /* ImageModel.swift */ = {isa = PBXFileReference; lastKnownFileType = sourcecode.swift; path = ImageModel.swift; sourceTree = "<group>"; };
		F5BDD80728743B4900EA769A /* DetailedImageView.swift */ = {isa = PBXFileReference; lastKnownFileType = sourcecode.swift; path = DetailedImageView.swift; sourceTree = "<group>"; };
		F5C0688D28756E7800A86648 /* WebView.swift */ = {isa = PBXFileReference; lastKnownFileType = sourcecode.swift; path = WebView.swift; sourceTree = "<group>"; };
		F5C0688F28757A6D00A86648 /* ToolsSearchView.swift */ = {isa = PBXFileReference; lastKnownFileType = sourcecode.swift; path = ToolsSearchView.swift; sourceTree = "<group>"; };
/* End PBXFileReference section */

/* Begin PBXFrameworksBuildPhase section */
		F5BDD7CC2874371A00EA769A /* Frameworks */ = {
			isa = PBXFrameworksBuildPhase;
			buildActionMask = 2147483647;
			files = (
				F5BDD806287438D800EA769A /* SDWebImageSwiftUI in Frameworks */,
			);
			runOnlyForDeploymentPostprocessing = 0;
		};
		F5BDD7DC2874371B00EA769A /* Frameworks */ = {
			isa = PBXFrameworksBuildPhase;
			buildActionMask = 2147483647;
			files = (
			);
			runOnlyForDeploymentPostprocessing = 0;
		};
		F5BDD7E62874371B00EA769A /* Frameworks */ = {
			isa = PBXFrameworksBuildPhase;
			buildActionMask = 2147483647;
			files = (
			);
			runOnlyForDeploymentPostprocessing = 0;
		};
/* End PBXFrameworksBuildPhase section */

/* Begin PBXGroup section */
		F56DC9AD2877FBA400D00CB1 /* Views */ = {
			isa = PBXGroup;
			children = (
				F56DC9AE2877FBC400D00CB1 /* CustomView */,
				F56DC9AB2877D4A100D00CB1 /* ImageWebView.swift */,
				F5BDD7D42874371A00EA769A /* ContentView.swift */,
				F5BDD7D22874371A00EA769A /* ImageApp.swift */,
				F5C0688F28757A6D00A86648 /* ToolsSearchView.swift */,
				F5BDD80728743B4900EA769A /* DetailedImageView.swift */,
			);
			path = Views;
			sourceTree = "<group>";
		};
		F56DC9AE2877FBC400D00CB1 /* CustomView */ = {
			isa = PBXGroup;
			children = (
				F5C0688D28756E7800A86648 /* WebView.swift */,
			);
			path = CustomView;
			sourceTree = "<group>";
		};
		F56DC9AF2877FCA400D00CB1 /* Extensions */ = {
			isa = PBXGroup;
			children = (
				F5970D3328752CAF003D516A /* Extension.swift */,
			);
			path = Extensions;
			sourceTree = "<group>";
		};
		F5BDD7C62874371A00EA769A = {
			isa = PBXGroup;
			children = (
				F5BDD7D12874371A00EA769A /* Image */,
				F5BDD7E22874371B00EA769A /* ImageTests */,
				F5BDD7EC2874371B00EA769A /* ImageUITests */,
				F5BDD7D02874371A00EA769A /* Products */,
			);
			sourceTree = "<group>";
		};
		F5BDD7D02874371A00EA769A /* Products */ = {
			isa = PBXGroup;
			children = (
				F5BDD7CF2874371A00EA769A /* Image.app */,
				F5BDD7DF2874371B00EA769A /* ImageTests.xctest */,
				F5BDD7E92874371B00EA769A /* ImageUITests.xctest */,
			);
			name = Products;
			sourceTree = "<group>";
		};
		F5BDD7D12874371A00EA769A /* Image */ = {
			isa = PBXGroup;
			children = (
				F5BDD7D62874371A00EA769A /* Assets.xcassets */,
				F5970D3528752E2A003D516A /* Info.plist */,
				F56DC9AF2877FCA400D00CB1 /* Extensions */,
				F56DC9AD2877FBA400D00CB1 /* Views */,
				F5BDD7FF287437A900EA769A /* Models */,
				F5BDD7FE2874379D00EA769A /* Managers */,
				F5BDD7D82874371A00EA769A /* Preview Content */,
			);
			path = Image;
			sourceTree = "<group>";
		};
		F5BDD7D82874371A00EA769A /* Preview Content */ = {
			isa = PBXGroup;
			children = (
				F5BDD7D92874371A00EA769A /* Preview Assets.xcassets */,
			);
			path = "Preview Content";
			sourceTree = "<group>";
		};
		F5BDD7E22874371B00EA769A /* ImageTests */ = {
			isa = PBXGroup;
			children = (
				F5BDD7E32874371B00EA769A /* ImageTests.swift */,
			);
			path = ImageTests;
			sourceTree = "<group>";
		};
		F5BDD7EC2874371B00EA769A /* ImageUITests */ = {
			isa = PBXGroup;
			children = (
				F5BDD7ED2874371B00EA769A /* ImageUITests.swift */,
				F5BDD7EF2874371B00EA769A /* ImageUITestsLaunchTests.swift */,
			);
			path = ImageUITests;
			sourceTree = "<group>";
		};
		F5BDD7FE2874379D00EA769A /* Managers */ = {
			isa = PBXGroup;
			children = (
				F5BDD800287437C200EA769A /* ImageManager.swift */,
			);
			path = Managers;
			sourceTree = "<group>";
		};
		F5BDD7FF287437A900EA769A /* Models */ = {
			isa = PBXGroup;
			children = (
				F5BDD802287437D200EA769A /* ImageModel.swift */,
			);
			path = Models;
			sourceTree = "<group>";
		};
/* End PBXGroup section */

/* Begin PBXNativeTarget section */
		F5BDD7CE2874371A00EA769A /* Image */ = {
			isa = PBXNativeTarget;
			buildConfigurationList = F5BDD7F32874371B00EA769A /* Build configuration list for PBXNativeTarget "Image" */;
			buildPhases = (
				F5BDD7CB2874371A00EA769A /* Sources */,
				F5BDD7CC2874371A00EA769A /* Frameworks */,
				F5BDD7CD2874371A00EA769A /* Resources */,
			);
			buildRules = (
			);
			dependencies = (
			);
			name = Image;
			packageProductDependencies = (
				F5BDD805287438D800EA769A /* SDWebImageSwiftUI */,
			);
			productName = Image;
			productReference = F5BDD7CF2874371A00EA769A /* Image.app */;
			productType = "com.apple.product-type.application";
		};
		F5BDD7DE2874371B00EA769A /* ImageTests */ = {
			isa = PBXNativeTarget;
			buildConfigurationList = F5BDD7F62874371B00EA769A /* Build configuration list for PBXNativeTarget "ImageTests" */;
			buildPhases = (
				F5BDD7DB2874371B00EA769A /* Sources */,
				F5BDD7DC2874371B00EA769A /* Frameworks */,
				F5BDD7DD2874371B00EA769A /* Resources */,
			);
			buildRules = (
			);
			dependencies = (
				F5BDD7E12874371B00EA769A /* PBXTargetDependency */,
			);
			name = ImageTests;
			productName = ImageTests;
			productReference = F5BDD7DF2874371B00EA769A /* ImageTests.xctest */;
			productType = "com.apple.product-type.bundle.unit-test";
		};
		F5BDD7E82874371B00EA769A /* ImageUITests */ = {
			isa = PBXNativeTarget;
			buildConfigurationList = F5BDD7F92874371B00EA769A /* Build configuration list for PBXNativeTarget "ImageUITests" */;
			buildPhases = (
				F5BDD7E52874371B00EA769A /* Sources */,
				F5BDD7E62874371B00EA769A /* Frameworks */,
				F5BDD7E72874371B00EA769A /* Resources */,
			);
			buildRules = (
			);
			dependencies = (
				F5BDD7EB2874371B00EA769A /* PBXTargetDependency */,
			);
			name = ImageUITests;
			productName = ImageUITests;
			productReference = F5BDD7E92874371B00EA769A /* ImageUITests.xctest */;
			productType = "com.apple.product-type.bundle.ui-testing";
		};
/* End PBXNativeTarget section */

/* Begin PBXProject section */
		F5BDD7C72874371A00EA769A /* Project object */ = {
			isa = PBXProject;
			attributes = {
				BuildIndependentTargetsInParallel = 1;
				LastSwiftUpdateCheck = 1400;
				LastUpgradeCheck = 1400;
				TargetAttributes = {
					F5BDD7CE2874371A00EA769A = {
						CreatedOnToolsVersion = 14.0;
					};
					F5BDD7DE2874371B00EA769A = {
						CreatedOnToolsVersion = 14.0;
						TestTargetID = F5BDD7CE2874371A00EA769A;
					};
					F5BDD7E82874371B00EA769A = {
						CreatedOnToolsVersion = 14.0;
						TestTargetID = F5BDD7CE2874371A00EA769A;
					};
				};
			};
			buildConfigurationList = F5BDD7CA2874371A00EA769A /* Build configuration list for PBXProject "Image" */;
			compatibilityVersion = "Xcode 14.0";
			developmentRegion = en;
			hasScannedForEncodings = 0;
			knownRegions = (
				en,
				Base,
			);
			mainGroup = F5BDD7C62874371A00EA769A;
			packageReferences = (
				F5BDD804287438D800EA769A /* XCRemoteSwiftPackageReference "SDWebImageSwiftUI" */,
			);
			productRefGroup = F5BDD7D02874371A00EA769A /* Products */;
			projectDirPath = "";
			projectRoot = "";
			targets = (
				F5BDD7CE2874371A00EA769A /* Image */,
				F5BDD7DE2874371B00EA769A /* ImageTests */,
				F5BDD7E82874371B00EA769A /* ImageUITests */,
			);
		};
/* End PBXProject section */

/* Begin PBXResourcesBuildPhase section */
		F5BDD7CD2874371A00EA769A /* Resources */ = {
			isa = PBXResourcesBuildPhase;
			buildActionMask = 2147483647;
			files = (
				F5BDD7DA2874371A00EA769A /* Preview Assets.xcassets in Resources */,
				F5BDD7D72874371A00EA769A /* Assets.xcassets in Resources */,
			);
			runOnlyForDeploymentPostprocessing = 0;
		};
		F5BDD7DD2874371B00EA769A /* Resources */ = {
			isa = PBXResourcesBuildPhase;
			buildActionMask = 2147483647;
			files = (
			);
			runOnlyForDeploymentPostprocessing = 0;
		};
		F5BDD7E72874371B00EA769A /* Resources */ = {
			isa = PBXResourcesBuildPhase;
			buildActionMask = 2147483647;
			files = (
			);
			runOnlyForDeploymentPostprocessing = 0;
		};
/* End PBXResourcesBuildPhase section */

/* Begin PBXSourcesBuildPhase section */
		F5BDD7CB2874371A00EA769A /* Sources */ = {
			isa = PBXSourcesBuildPhase;
			buildActionMask = 2147483647;
			files = (
				F5BDD801287437C200EA769A /* ImageManager.swift in Sources */,
				F5BDD7D52874371A00EA769A /* ContentView.swift in Sources */,
				F5BDD7D32874371A00EA769A /* ImageApp.swift in Sources */,
				F5C0689028757A6D00A86648 /* ToolsSearchView.swift in Sources */,
				F5970D3428752CAF003D516A /* Extension.swift in Sources */,
				F5BDD803287437D200EA769A /* ImageModel.swift in Sources */,
				F5BDD80828743B4900EA769A /* DetailedImageView.swift in Sources */,
				F5C0688E28756E7800A86648 /* WebView.swift in Sources */,
				F56DC9AC2877D4A100D00CB1 /* ImageWebView.swift in Sources */,
			);
			runOnlyForDeploymentPostprocessing = 0;
		};
		F5BDD7DB2874371B00EA769A /* Sources */ = {
			isa = PBXSourcesBuildPhase;
			buildActionMask = 2147483647;
			files = (
				F5BDD7E42874371B00EA769A /* ImageTests.swift in Sources */,
			);
			runOnlyForDeploymentPostprocessing = 0;
		};
		F5BDD7E52874371B00EA769A /* Sources */ = {
			isa = PBXSourcesBuildPhase;
			buildActionMask = 2147483647;
			files = (
				F5BDD7F02874371B00EA769A /* ImageUITestsLaunchTests.swift in Sources */,
				F5BDD7EE2874371B00EA769A /* ImageUITests.swift in Sources */,
			);
			runOnlyForDeploymentPostprocessing = 0;
		};
/* End PBXSourcesBuildPhase section */

/* Begin PBXTargetDependency section */
		F5BDD7E12874371B00EA769A /* PBXTargetDependency */ = {
			isa = PBXTargetDependency;
			target = F5BDD7CE2874371A00EA769A /* Image */;
			targetProxy = F5BDD7E02874371B00EA769A /* PBXContainerItemProxy */;
		};
		F5BDD7EB2874371B00EA769A /* PBXTargetDependency */ = {
			isa = PBXTargetDependency;
			target = F5BDD7CE2874371A00EA769A /* Image */;
			targetProxy = F5BDD7EA2874371B00EA769A /* PBXContainerItemProxy */;
		};
/* End PBXTargetDependency section */

/* Begin XCBuildConfiguration section */
		F5BDD7F12874371B00EA769A /* Debug */ = {
			isa = XCBuildConfiguration;
			buildSettings = {
				ALWAYS_SEARCH_USER_PATHS = NO;
				CLANG_ANALYZER_NONNULL = YES;
				CLANG_ANALYZER_NUMBER_OBJECT_CONVERSION = YES_AGGRESSIVE;
				CLANG_CXX_LANGUAGE_STANDARD = "gnu++17";
				CLANG_ENABLE_MODULES = YES;
				CLANG_ENABLE_OBJC_ARC = YES;
				CLANG_ENABLE_OBJC_WEAK = YES;
				CLANG_WARN_BLOCK_CAPTURE_AUTORELEASING = YES;
				CLANG_WARN_BOOL_CONVERSION = YES;
				CLANG_WARN_COMMA = YES;
				CLANG_WARN_CONSTANT_CONVERSION = YES;
				CLANG_WARN_DEPRECATED_OBJC_IMPLEMENTATIONS = YES;
				CLANG_WARN_DIRECT_OBJC_ISA_USAGE = YES_ERROR;
				CLANG_WARN_DOCUMENTATION_COMMENTS = YES;
				CLANG_WARN_EMPTY_BODY = YES;
				CLANG_WARN_ENUM_CONVERSION = YES;
				CLANG_WARN_INFINITE_RECURSION = YES;
				CLANG_WARN_INT_CONVERSION = YES;
				CLANG_WARN_NON_LITERAL_NULL_CONVERSION = YES;
				CLANG_WARN_OBJC_IMPLICIT_RETAIN_SELF = YES;
				CLANG_WARN_OBJC_LITERAL_CONVERSION = YES;
				CLANG_WARN_OBJC_ROOT_CLASS = YES_ERROR;
				CLANG_WARN_QUOTED_INCLUDE_IN_FRAMEWORK_HEADER = YES;
				CLANG_WARN_RANGE_LOOP_ANALYSIS = YES;
				CLANG_WARN_STRICT_PROTOTYPES = YES;
				CLANG_WARN_SUSPICIOUS_MOVE = YES;
				CLANG_WARN_UNGUARDED_AVAILABILITY = YES_AGGRESSIVE;
				CLANG_WARN_UNREACHABLE_CODE = YES;
				CLANG_WARN__DUPLICATE_METHOD_MATCH = YES;
				COPY_PHASE_STRIP = NO;
				DEBUG_INFORMATION_FORMAT = dwarf;
				ENABLE_STRICT_OBJC_MSGSEND = YES;
				ENABLE_TESTABILITY = YES;
				GCC_C_LANGUAGE_STANDARD = gnu11;
				GCC_DYNAMIC_NO_PIC = NO;
				GCC_NO_COMMON_BLOCKS = YES;
				GCC_OPTIMIZATION_LEVEL = 0;
				GCC_PREPROCESSOR_DEFINITIONS = (
					"DEBUG=1",
					"$(inherited)",
				);
				GCC_WARN_64_TO_32_BIT_CONVERSION = YES;
				GCC_WARN_ABOUT_RETURN_TYPE = YES_ERROR;
				GCC_WARN_UNDECLARED_SELECTOR = YES;
				GCC_WARN_UNINITIALIZED_AUTOS = YES_AGGRESSIVE;
				GCC_WARN_UNUSED_FUNCTION = YES;
				GCC_WARN_UNUSED_VARIABLE = YES;
				IPHONEOS_DEPLOYMENT_TARGET = 16.0;
				MTL_ENABLE_DEBUG_INFO = INCLUDE_SOURCE;
				MTL_FAST_MATH = YES;
				ONLY_ACTIVE_ARCH = YES;
				SDKROOT = iphoneos;
				SWIFT_ACTIVE_COMPILATION_CONDITIONS = DEBUG;
				SWIFT_OPTIMIZATION_LEVEL = "-Onone";
			};
			name = Debug;
		};
		F5BDD7F22874371B00EA769A /* Release */ = {
			isa = XCBuildConfiguration;
			buildSettings = {
				ALWAYS_SEARCH_USER_PATHS = NO;
				CLANG_ANALYZER_NONNULL = YES;
				CLANG_ANALYZER_NUMBER_OBJECT_CONVERSION = YES_AGGRESSIVE;
				CLANG_CXX_LANGUAGE_STANDARD = "gnu++17";
				CLANG_ENABLE_MODULES = YES;
				CLANG_ENABLE_OBJC_ARC = YES;
				CLANG_ENABLE_OBJC_WEAK = YES;
				CLANG_WARN_BLOCK_CAPTURE_AUTORELEASING = YES;
				CLANG_WARN_BOOL_CONVERSION = YES;
				CLANG_WARN_COMMA = YES;
				CLANG_WARN_CONSTANT_CONVERSION = YES;
				CLANG_WARN_DEPRECATED_OBJC_IMPLEMENTATIONS = YES;
				CLANG_WARN_DIRECT_OBJC_ISA_USAGE = YES_ERROR;
				CLANG_WARN_DOCUMENTATION_COMMENTS = YES;
				CLANG_WARN_EMPTY_BODY = YES;
				CLANG_WARN_ENUM_CONVERSION = YES;
				CLANG_WARN_INFINITE_RECURSION = YES;
				CLANG_WARN_INT_CONVERSION = YES;
				CLANG_WARN_NON_LITERAL_NULL_CONVERSION = YES;
				CLANG_WARN_OBJC_IMPLICIT_RETAIN_SELF = YES;
				CLANG_WARN_OBJC_LITERAL_CONVERSION = YES;
				CLANG_WARN_OBJC_ROOT_CLASS = YES_ERROR;
				CLANG_WARN_QUOTED_INCLUDE_IN_FRAMEWORK_HEADER = YES;
				CLANG_WARN_RANGE_LOOP_ANALYSIS = YES;
				CLANG_WARN_STRICT_PROTOTYPES = YES;
				CLANG_WARN_SUSPICIOUS_MOVE = YES;
				CLANG_WARN_UNGUARDED_AVAILABILITY = YES_AGGRESSIVE;
				CLANG_WARN_UNREACHABLE_CODE = YES;
				CLANG_WARN__DUPLICATE_METHOD_MATCH = YES;
				COPY_PHASE_STRIP = NO;
				DEBUG_INFORMATION_FORMAT = "dwarf-with-dsym";
				ENABLE_NS_ASSERTIONS = NO;
				ENABLE_STRICT_OBJC_MSGSEND = YES;
				GCC_C_LANGUAGE_STANDARD = gnu11;
				GCC_NO_COMMON_BLOCKS = YES;
				GCC_WARN_64_TO_32_BIT_CONVERSION = YES;
				GCC_WARN_ABOUT_RETURN_TYPE = YES_ERROR;
				GCC_WARN_UNDECLARED_SELECTOR = YES;
				GCC_WARN_UNINITIALIZED_AUTOS = YES_AGGRESSIVE;
				GCC_WARN_UNUSED_FUNCTION = YES;
				GCC_WARN_UNUSED_VARIABLE = YES;
				IPHONEOS_DEPLOYMENT_TARGET = 16.0;
				MTL_ENABLE_DEBUG_INFO = NO;
				MTL_FAST_MATH = YES;
				SDKROOT = iphoneos;
				SWIFT_COMPILATION_MODE = wholemodule;
				SWIFT_OPTIMIZATION_LEVEL = "-O";
				VALIDATE_PRODUCT = YES;
			};
			name = Release;
		};
		F5BDD7F42874371B00EA769A /* Debug */ = {
			isa = XCBuildConfiguration;
			buildSettings = {
				ASSETCATALOG_COMPILER_APPICON_NAME = AppIcon;
				ASSETCATALOG_COMPILER_GLOBAL_ACCENT_COLOR_NAME = AccentColor;
				CODE_SIGN_STYLE = Automatic;
				CURRENT_PROJECT_VERSION = 1;
				DEVELOPMENT_ASSET_PATHS = "\"Image/Preview Content\"";
				DEVELOPMENT_TEAM = NU3K52APZL;
				ENABLE_PREVIEWS = YES;
				GENERATE_INFOPLIST_FILE = YES;
				INFOPLIST_FILE = Image/Info.plist;
				INFOPLIST_KEY_LSApplicationCategoryType = "";
				INFOPLIST_KEY_UIApplicationSceneManifest_Generation = YES;
				INFOPLIST_KEY_UIApplicationSupportsIndirectInputEvents = YES;
				INFOPLIST_KEY_UILaunchScreen_Generation = YES;
				INFOPLIST_KEY_UISupportedInterfaceOrientations_iPad = "UIInterfaceOrientationPortrait UIInterfaceOrientationPortraitUpsideDown UIInterfaceOrientationLandscapeLeft UIInterfaceOrientationLandscapeRight";
				INFOPLIST_KEY_UISupportedInterfaceOrientations_iPhone = "UIInterfaceOrientationPortrait UIInterfaceOrientationLandscapeLeft UIInterfaceOrientationLandscapeRight";
				IPHONEOS_DEPLOYMENT_TARGET = 15.0;
				LD_RUNPATH_SEARCH_PATHS = (
					"$(inherited)",
					"@executable_path/Frameworks",
				);
				MARKETING_VERSION = 1.0;
				PRODUCT_BUNDLE_IDENTIFIER = vlad.Image;
				PRODUCT_NAME = "$(TARGET_NAME)";
				SWIFT_EMIT_LOC_STRINGS = YES;
				SWIFT_VERSION = 5.0;
				TARGETED_DEVICE_FAMILY = "1,2";
			};
			name = Debug;
		};
		F5BDD7F52874371B00EA769A /* Release */ = {
			isa = XCBuildConfiguration;
			buildSettings = {
				ASSETCATALOG_COMPILER_APPICON_NAME = AppIcon;
				ASSETCATALOG_COMPILER_GLOBAL_ACCENT_COLOR_NAME = AccentColor;
				CODE_SIGN_STYLE = Automatic;
				CURRENT_PROJECT_VERSION = 1;
				DEVELOPMENT_ASSET_PATHS = "\"Image/Preview Content\"";
				DEVELOPMENT_TEAM = NU3K52APZL;
				ENABLE_PREVIEWS = YES;
				GENERATE_INFOPLIST_FILE = YES;
				INFOPLIST_FILE = Image/Info.plist;
				INFOPLIST_KEY_LSApplicationCategoryType = "";
				INFOPLIST_KEY_UIApplicationSceneManifest_Generation = YES;
				INFOPLIST_KEY_UIApplicationSupportsIndirectInputEvents = YES;
				INFOPLIST_KEY_UILaunchScreen_Generation = YES;
				INFOPLIST_KEY_UISupportedInterfaceOrientations_iPad = "UIInterfaceOrientationPortrait UIInterfaceOrientationPortraitUpsideDown UIInterfaceOrientationLandscapeLeft UIInterfaceOrientationLandscapeRight";
				INFOPLIST_KEY_UISupportedInterfaceOrientations_iPhone = "UIInterfaceOrientationPortrait UIInterfaceOrientationLandscapeLeft UIInterfaceOrientationLandscapeRight";
				IPHONEOS_DEPLOYMENT_TARGET = 15.0;
				LD_RUNPATH_SEARCH_PATHS = (
					"$(inherited)",
					"@executable_path/Frameworks",
				);
				MARKETING_VERSION = 1.0;
				PRODUCT_BUNDLE_IDENTIFIER = vlad.Image;
				PRODUCT_NAME = "$(TARGET_NAME)";
				SWIFT_EMIT_LOC_STRINGS = YES;
				SWIFT_VERSION = 5.0;
				TARGETED_DEVICE_FAMILY = "1,2";
			};
			name = Release;
		};
		F5BDD7F72874371B00EA769A /* Debug */ = {
			isa = XCBuildConfiguration;
			buildSettings = {
				ALWAYS_EMBED_SWIFT_STANDARD_LIBRARIES = YES;
				BUNDLE_LOADER = "$(TEST_HOST)";
				CODE_SIGN_STYLE = Automatic;
				CURRENT_PROJECT_VERSION = 1;
				DEVELOPMENT_TEAM = 2NNTS3ZMBM;
				GENERATE_INFOPLIST_FILE = YES;
				IPHONEOS_DEPLOYMENT_TARGET = 16.0;
				MARKETING_VERSION = 1.0;
				PRODUCT_BUNDLE_IDENTIFIER = vlad.ImageTests;
				PRODUCT_NAME = "$(TARGET_NAME)";
				SWIFT_EMIT_LOC_STRINGS = NO;
				SWIFT_VERSION = 5.0;
				TARGETED_DEVICE_FAMILY = "1,2";
				TEST_HOST = "$(BUILT_PRODUCTS_DIR)/Image.app/$(BUNDLE_EXECUTABLE_FOLDER_PATH)/Image";
			};
			name = Debug;
		};
		F5BDD7F82874371B00EA769A /* Release */ = {
			isa = XCBuildConfiguration;
			buildSettings = {
				ALWAYS_EMBED_SWIFT_STANDARD_LIBRARIES = YES;
				BUNDLE_LOADER = "$(TEST_HOST)";
				CODE_SIGN_STYLE = Automatic;
				CURRENT_PROJECT_VERSION = 1;
				DEVELOPMENT_TEAM = 2NNTS3ZMBM;
				GENERATE_INFOPLIST_FILE = YES;
				IPHONEOS_DEPLOYMENT_TARGET = 16.0;
				MARKETING_VERSION = 1.0;
				PRODUCT_BUNDLE_IDENTIFIER = vlad.ImageTests;
				PRODUCT_NAME = "$(TARGET_NAME)";
				SWIFT_EMIT_LOC_STRINGS = NO;
				SWIFT_VERSION = 5.0;
				TARGETED_DEVICE_FAMILY = "1,2";
				TEST_HOST = "$(BUILT_PRODUCTS_DIR)/Image.app/$(BUNDLE_EXECUTABLE_FOLDER_PATH)/Image";
			};
			name = Release;
		};
		F5BDD7FA2874371B00EA769A /* Debug */ = {
			isa = XCBuildConfiguration;
			buildSettings = {
				ALWAYS_EMBED_SWIFT_STANDARD_LIBRARIES = YES;
				CODE_SIGN_STYLE = Automatic;
				CURRENT_PROJECT_VERSION = 1;
				DEVELOPMENT_TEAM = 2NNTS3ZMBM;
				GENERATE_INFOPLIST_FILE = YES;
				MARKETING_VERSION = 1.0;
				PRODUCT_BUNDLE_IDENTIFIER = vlad.ImageUITests;
				PRODUCT_NAME = "$(TARGET_NAME)";
				SWIFT_EMIT_LOC_STRINGS = NO;
				SWIFT_VERSION = 5.0;
				TARGETED_DEVICE_FAMILY = "1,2";
				TEST_TARGET_NAME = Image;
			};
			name = Debug;
		};
		F5BDD7FB2874371B00EA769A /* Release */ = {
			isa = XCBuildConfiguration;
			buildSettings = {
				ALWAYS_EMBED_SWIFT_STANDARD_LIBRARIES = YES;
				CODE_SIGN_STYLE = Automatic;
				CURRENT_PROJECT_VERSION = 1;
				DEVELOPMENT_TEAM = 2NNTS3ZMBM;
				GENERATE_INFOPLIST_FILE = YES;
				MARKETING_VERSION = 1.0;
				PRODUCT_BUNDLE_IDENTIFIER = vlad.ImageUITests;
				PRODUCT_NAME = "$(TARGET_NAME)";
				SWIFT_EMIT_LOC_STRINGS = NO;
				SWIFT_VERSION = 5.0;
				TARGETED_DEVICE_FAMILY = "1,2";
				TEST_TARGET_NAME = Image;
			};
			name = Release;
		};
/* End XCBuildConfiguration section */

/* Begin XCConfigurationList section */
		F5BDD7CA2874371A00EA769A /* Build configuration list for PBXProject "Image" */ = {
			isa = XCConfigurationList;
			buildConfigurations = (
				F5BDD7F12874371B00EA769A /* Debug */,
				F5BDD7F22874371B00EA769A /* Release */,
			);
			defaultConfigurationIsVisible = 0;
			defaultConfigurationName = Release;
		};
		F5BDD7F32874371B00EA769A /* Build configuration list for PBXNativeTarget "Image" */ = {
			isa = XCConfigurationList;
			buildConfigurations = (
				F5BDD7F42874371B00EA769A /* Debug */,
				F5BDD7F52874371B00EA769A /* Release */,
			);
			defaultConfigurationIsVisible = 0;
			defaultConfigurationName = Release;
		};
		F5BDD7F62874371B00EA769A /* Build configuration list for PBXNativeTarget "ImageTests" */ = {
			isa = XCConfigurationList;
			buildConfigurations = (
				F5BDD7F72874371B00EA769A /* Debug */,
				F5BDD7F82874371B00EA769A /* Release */,
			);
			defaultConfigurationIsVisible = 0;
			defaultConfigurationName = Release;
		};
		F5BDD7F92874371B00EA769A /* Build configuration list for PBXNativeTarget "ImageUITests" */ = {
			isa = XCConfigurationList;
			buildConfigurations = (
				F5BDD7FA2874371B00EA769A /* Debug */,
				F5BDD7FB2874371B00EA769A /* Release */,
			);
			defaultConfigurationIsVisible = 0;
			defaultConfigurationName = Release;
		};
/* End XCConfigurationList section */

/* Begin XCRemoteSwiftPackageReference section */
		F5BDD804287438D800EA769A /* XCRemoteSwiftPackageReference "SDWebImageSwiftUI" */ = {
			isa = XCRemoteSwiftPackageReference;
			repositoryURL = "https://github.com/SDWebImage/SDWebImageSwiftUI";
			requirement = {
				branch = master;
				kind = branch;
			};
		};
/* End XCRemoteSwiftPackageReference section */

/* Begin XCSwiftPackageProductDependency section */
		F5BDD805287438D800EA769A /* SDWebImageSwiftUI */ = {
			isa = XCSwiftPackageProductDependency;
			package = F5BDD804287438D800EA769A /* XCRemoteSwiftPackageReference "SDWebImageSwiftUI" */;
			productName = SDWebImageSwiftUI;
		};
/* End XCSwiftPackageProductDependency section */
	};
	rootObject = F5BDD7C72874371A00EA769A /* Project object */;
}
